// !$*UTF8*$!
{
	archiveVersion = 1;
	classes = {
	};
	objectVersion = 56;
	objects = {

/* Begin PBXBuildFile section */
		A89DA1D82A6558970059E4D7 /* AppDelegate.swift in Sources */ = {isa = PBXBuildFile; fileRef = A89DA1D72A6558970059E4D7 /* AppDelegate.swift */; };
		A89DA1DA2A6558970059E4D7 /* SceneDelegate.swift in Sources */ = {isa = PBXBuildFile; fileRef = A89DA1D92A6558970059E4D7 /* SceneDelegate.swift */; };
		A89DA1DC2A6558970059E4D7 /* ViewController.swift in Sources */ = {isa = PBXBuildFile; fileRef = A89DA1DB2A6558970059E4D7 /* ViewController.swift */; };
		A89DA1DF2A6558970059E4D7 /* Main.storyboard in Resources */ = {isa = PBXBuildFile; fileRef = A89DA1DD2A6558970059E4D7 /* Main.storyboard */; };
		A89DA1E12A6558980059E4D7 /* Assets.xcassets in Resources */ = {isa = PBXBuildFile; fileRef = A89DA1E02A6558980059E4D7 /* Assets.xcassets */; };
		A89DA1E42A6558980059E4D7 /* LaunchScreen.storyboard in Resources */ = {isa = PBXBuildFile; fileRef = A89DA1E22A6558980059E4D7 /* LaunchScreen.storyboard */; };
		A89DA1EE2A6559B00059E4D7 /* DetailsVCSec.swift in Sources */ = {isa = PBXBuildFile; fileRef = A89DA1ED2A6559B00059E4D7 /* DetailsVCSec.swift */; };
		A89DA1F02A655F060059E4D7 /* Witcher.swift in Sources */ = {isa = PBXBuildFile; fileRef = A89DA1EF2A655F060059E4D7 /* Witcher.swift */; };
/* End PBXBuildFile section */

/* Begin PBXFileReference section */
		A89DA1D42A6558970059E4D7 /* TheWitcherBook.app */ = {isa = PBXFileReference; explicitFileType = wrapper.application; includeInIndex = 0; path = TheWitcherBook.app; sourceTree = BUILT_PRODUCTS_DIR; };
		A89DA1D72A6558970059E4D7 /* AppDelegate.swift */ = {isa = PBXFileReference; lastKnownFileType = sourcecode.swift; path = AppDelegate.swift; sourceTree = "<group>"; };
		A89DA1D92A6558970059E4D7 /* SceneDelegate.swift */ = {isa = PBXFileReference; lastKnownFileType = sourcecode.swift; path = SceneDelegate.swift; sourceTree = "<group>"; };
		A89DA1DB2A6558970059E4D7 /* ViewController.swift */ = {isa = PBXFileReference; lastKnownFileType = sourcecode.swift; path = ViewController.swift; sourceTree = "<group>"; };
		A89DA1DE2A6558970059E4D7 /* Base */ = {isa = PBXFileReference; lastKnownFileType = file.storyboard; name = Base; path = Base.lproj/Main.storyboard; sourceTree = "<group>"; };
		A89DA1E02A6558980059E4D7 /* Assets.xcassets */ = {isa = PBXFileReference; lastKnownFileType = folder.assetcatalog; path = Assets.xcassets; sourceTree = "<group>"; };
		A89DA1E32A6558980059E4D7 /* Base */ = {isa = PBXFileReference; lastKnownFileType = file.storyboard; name = Base; path = Base.lproj/LaunchScreen.storyboard; sourceTree = "<group>"; };
		A89DA1E52A6558980059E4D7 /* Info.plist */ = {isa = PBXFileReference; lastKnownFileType = text.plist.xml; path = Info.plist; sourceTree = "<group>"; };
		A89DA1ED2A6559B00059E4D7 /* DetailsVCSec.swift */ = {isa = PBXFileReference; lastKnownFileType = sourcecode.swift; path = DetailsVCSec.swift; sourceTree = "<group>"; };
		A89DA1EF2A655F060059E4D7 /* Witcher.swift */ = {isa = PBXFileReference; lastKnownFileType = sourcecode.swift; path = Witcher.swift; sourceTree = "<group>"; };
/* End PBXFileReference section */

/* Begin PBXFrameworksBuildPhase section */
		A89DA1D12A6558970059E4D7 /* Frameworks */ = {
			isa = PBXFrameworksBuildPhase;
			buildActionMask = 2147483647;
			files = (
			);
			runOnlyForDeploymentPostprocessing = 0;
		};
/* End PBXFrameworksBuildPhase section */

/* Begin PBXGroup section */
		A89DA1CB2A6558970059E4D7 = {
			isa = PBXGroup;
			children = (
				A89DA1D62A6558970059E4D7 /* TheWitcherBook */,
				A89DA1D52A6558970059E4D7 /* Products */,
			);
			sourceTree = "<group>";
		};
		A89DA1D52A6558970059E4D7 /* Products */ = {
			isa = PBXGroup;
			children = (
				A89DA1D42A6558970059E4D7 /* TheWitcherBook.app */,
			);
			name = Products;
			sourceTree = "<group>";
		};
		A89DA1D62A6558970059E4D7 /* TheWitcherBook */ = {
			isa = PBXGroup;
			children = (
				A89DA1D72A6558970059E4D7 /* AppDelegate.swift */,
				A89DA1D92A6558970059E4D7 /* SceneDelegate.swift */,
				A89DA1DB2A6558970059E4D7 /* ViewController.swift */,
				A89DA1ED2A6559B00059E4D7 /* DetailsVCSec.swift */,
				A89DA1DD2A6558970059E4D7 /* Main.storyboard */,
				A89DA1E02A6558980059E4D7 /* Assets.xcassets */,
				A89DA1E22A6558980059E4D7 /* LaunchScreen.storyboard */,
				A89DA1E52A6558980059E4D7 /* Info.plist */,
				A89DA1EF2A655F060059E4D7 /* Witcher.swift */,
			);
			path = TheWitcherBook;
			sourceTree = "<group>";
		};
/* End PBXGroup section */

/* Begin PBXNativeTarget section */
		A89DA1D32A6558970059E4D7 /* TheWitcherBook */ = {
			isa = PBXNativeTarget;
			buildConfigurationList = A89DA1E82A6558980059E4D7 /* Build configuration list for PBXNativeTarget "TheWitcherBook" */;
			buildPhases = (
				A89DA1D02A6558970059E4D7 /* Sources */,
				A89DA1D12A6558970059E4D7 /* Frameworks */,
				A89DA1D22A6558970059E4D7 /* Resources */,
			);
			buildRules = (
			);
			dependencies = (
			);
			name = TheWitcherBook;
			productName = TheWitcherBook;
			productReference = A89DA1D42A6558970059E4D7 /* TheWitcherBook.app */;
			productType = "com.apple.product-type.application";
		};
/* End PBXNativeTarget section */

/* Begin PBXProject section */
		A89DA1CC2A6558970059E4D7 /* Project object */ = {
			isa = PBXProject;
			attributes = {
				BuildIndependentTargetsInParallel = 1;
				LastSwiftUpdateCheck = 1430;
				LastUpgradeCheck = 1430;
				TargetAttributes = {
					A89DA1D32A6558970059E4D7 = {
						CreatedOnToolsVersion = 14.3.1;
					};
				};
			};
			buildConfigurationList = A89DA1CF2A6558970059E4D7 /* Build configuration list for PBXProject "TheWitcherBook" */;
			compatibilityVersion = "Xcode 14.0";
			developmentRegion = en;
			hasScannedForEncodings = 0;
			knownRegions = (
				en,
				Base,
			);
			mainGroup = A89DA1CB2A6558970059E4D7;
			productRefGroup = A89DA1D52A6558970059E4D7 /* Products */;
			projectDirPath = "";
			projectRoot = "";
			targets = (
				A89DA1D32A6558970059E4D7 /* TheWitcherBook */,
			);
		};
/* End PBXProject section */

/* Begin PBXResourcesBuildPhase section */
		A89DA1D22A6558970059E4D7 /* Resources */ = {
			isa = PBXResourcesBuildPhase;
			buildActionMask = 2147483647;
			files = (
				A89DA1E42A6558980059E4D7 /* LaunchScreen.storyboard in Resources */,
				A89DA1E12A6558980059E4D7 /* Assets.xcassets in Resources */,
				A89DA1DF2A6558970059E4D7 /* Main.storyboard in Resources */,
			);
			runOnlyForDeploymentPostprocessing = 0;
		};
/* End PBXResourcesBuildPhase section */

/* Begin PBXSourcesBuildPhase section */
		A89DA1D02A6558970059E4D7 /* Sources */ = {
			isa = PBXSourcesBuildPhase;
			buildActionMask = 2147483647;
			files = (
				A89DA1DC2A6558970059E4D7 /* ViewController.swift in Sources */,
				A89DA1D82A6558970059E4D7 /* AppDelegate.swift in Sources */,
				A89DA1DA2A6558970059E4D7 /* SceneDelegate.swift in Sources */,
				A89DA1EE2A6559B00059E4D7 /* DetailsVCSec.swift in Sources */,
				A89DA1F02A655F060059E4D7 /* Witcher.swift in Sources */,
			);
			runOnlyForDeploymentPostprocessing = 0;
		};
/* End PBXSourcesBuildPhase section */

/* Begin PBXVariantGroup section */
		A89DA1DD2A6558970059E4D7 /* Main.storyboard */ = {
			isa = PBXVariantGroup;
			children = (
				A89DA1DE2A6558970059E4D7 /* Base */,
			);
			name = Main.storyboard;
			sourceTree = "<group>";
		};
		A89DA1E22A6558980059E4D7 /* LaunchScreen.storyboard */ = {
			isa = PBXVariantGroup;
			children = (
				A89DA1E32A6558980059E4D7 /* Base */,
			);
			name = LaunchScreen.storyboard;
			sourceTree = "<group>";
		};
/* End PBXVariantGroup section */

/* Begin XCBuildConfiguration section */
		A89DA1E62A6558980059E4D7 /* Debug */ = {
			isa = XCBuildConfiguration;
			buildSettings = {
				ALWAYS_SEARCH_USER_PATHS = NO;
				CLANG_ANALYZER_NONNULL = YES;
				CLANG_ANALYZER_NUMBER_OBJECT_CONVERSION = YES_AGGRESSIVE;
				CLANG_CXX_LANGUAGE_STANDARD = "gnu++20";
				CLANG_ENABLE_MODULES = YES;
				CLANG_ENABLE_OBJC_ARC = YES;
				CLANG_ENABLE_OBJC_WEAK = YES;
				CLANG_WARN_BLOCK_CAPTURE_AUTORELEASING = YES;
				CLANG_WARN_BOOL_CONVERSION = YES;
				CLANG_WARN_COMMA = YES;
				CLANG_WARN_CONSTANT_CONVERSION = YES;
				CLANG_WARN_DEPRECATED_OBJC_IMPLEMENTATIONS = YES;
				CLANG_WARN_DIRECT_OBJC_ISA_USAGE = YES_ERROR;
				CLANG_WARN_DOCUMENTATION_COMMENTS = YES;
				CLANG_WARN_EMPTY_BODY = YES;
				CLANG_WARN_ENUM_CONVERSION = YES;
				CLANG_WARN_INFINITE_RECURSION = YES;
				CLANG_WARN_INT_CONVERSION = YES;
				CLANG_WARN_NON_LITERAL_NULL_CONVERSION = YES;
				CLANG_WARN_OBJC_IMPLICIT_RETAIN_SELF = YES;
				CLANG_WARN_OBJC_LITERAL_CONVERSION = YES;
				CLANG_WARN_OBJC_ROOT_CLASS = YES_ERROR;
				CLANG_WARN_QUOTED_INCLUDE_IN_FRAMEWORK_HEADER = YES;
				CLANG_WARN_RANGE_LOOP_ANALYSIS = YES;
				CLANG_WARN_STRICT_PROTOTYPES = YES;
				CLANG_WARN_SUSPICIOUS_MOVE = YES;
				CLANG_WARN_UNGUARDED_AVAILABILITY = YES_AGGRESSIVE;
				CLANG_WARN_UNREACHABLE_CODE = YES;
				CLANG_WARN__DUPLICATE_METHOD_MATCH = YES;
				COPY_PHASE_STRIP = NO;
				DEBUG_INFORMATION_FORMAT = dwarf;
				ENABLE_STRICT_OBJC_MSGSEND = YES;
				ENABLE_TESTABILITY = YES;
				GCC_C_LANGUAGE_STANDARD = gnu11;
				GCC_DYNAMIC_NO_PIC = NO;
				GCC_NO_COMMON_BLOCKS = YES;
				GCC_OPTIMIZATION_LEVEL = 0;
				GCC_PREPROCESSOR_DEFINITIONS = (
					"DEBUG=1",
					"$(inherited)",
				);
				GCC_WARN_64_TO_32_BIT_CONVERSION = YES;
				GCC_WARN_ABOUT_RETURN_TYPE = YES_ERROR;
				GCC_WARN_UNDECLARED_SELECTOR = YES;
				GCC_WARN_UNINITIALIZED_AUTOS = YES_AGGRESSIVE;
				GCC_WARN_UNUSED_FUNCTION = YES;
				GCC_WARN_UNUSED_VARIABLE = YES;
				IPHONEOS_DEPLOYMENT_TARGET = 16.4;
				MTL_ENABLE_DEBUG_INFO = INCLUDE_SOURCE;
				MTL_FAST_MATH = YES;
				ONLY_ACTIVE_ARCH = YES;
				SDKROOT = iphoneos;
				SWIFT_ACTIVE_COMPILATION_CONDITIONS = DEBUG;
				SWIFT_OPTIMIZATION_LEVEL = "-Onone";
			};
			name = Debug;
		};
		A89DA1E72A6558980059E4D7 /* Release */ = {
			isa = XCBuildConfiguration;
			buildSettings = {
				ALWAYS_SEARCH_USER_PATHS = NO;
				CLANG_ANALYZER_NONNULL = YES;
				CLANG_ANALYZER_NUMBER_OBJECT_CONVERSION = YES_AGGRESSIVE;
				CLANG_CXX_LANGUAGE_STANDARD = "gnu++20";
				CLANG_ENABLE_MODULES = YES;
				CLANG_ENABLE_OBJC_ARC = YES;
				CLANG_ENABLE_OBJC_WEAK = YES;
				CLANG_WARN_BLOCK_CAPTURE_AUTORELEASING = YES;
				CLANG_WARN_BOOL_CONVERSION = YES;
				CLANG_WARN_COMMA = YES;
				CLANG_WARN_CONSTANT_CONVERSION = YES;
				CLANG_WARN_DEPRECATED_OBJC_IMPLEMENTATIONS = YES;
				CLANG_WARN_DIRECT_OBJC_ISA_USAGE = YES_ERROR;
				CLANG_WARN_DOCUMENTATION_COMMENTS = YES;
				CLANG_WARN_EMPTY_BODY = YES;
				CLANG_WARN_ENUM_CONVERSION = YES;
				CLANG_WARN_INFINITE_RECURSION = YES;
				CLANG_WARN_INT_CONVERSION = YES;
				CLANG_WARN_NON_LITERAL_NULL_CONVERSION = YES;
				CLANG_WARN_OBJC_IMPLICIT_RETAIN_SELF = YES;
				CLANG_WARN_OBJC_LITERAL_CONVERSION = YES;
				CLANG_WARN_OBJC_ROOT_CLASS = YES_ERROR;
				CLANG_WARN_QUOTED_INCLUDE_IN_FRAMEWORK_HEADER = YES;
				CLANG_WARN_RANGE_LOOP_ANALYSIS = YES;
				CLANG_WARN_STRICT_PROTOTYPES = YES;
				CLANG_WARN_SUSPICIOUS_MOVE = YES;
				CLANG_WARN_UNGUARDED_AVAILABILITY = YES_AGGRESSIVE;
				CLANG_WARN_UNREACHABLE_CODE = YES;
				CLANG_WARN__DUPLICATE_METHOD_MATCH = YES;
				COPY_PHASE_STRIP = NO;
				DEBUG_INFORMATION_FORMAT = "dwarf-with-dsym";
				ENABLE_NS_ASSERTIONS = NO;
				ENABLE_STRICT_OBJC_MSGSEND = YES;
				GCC_C_LANGUAGE_STANDARD = gnu11;
				GCC_NO_COMMON_BLOCKS = YES;
				GCC_WARN_64_TO_32_BIT_CONVERSION = YES;
				GCC_WARN_ABOUT_RETURN_TYPE = YES_ERROR;
				GCC_WARN_UNDECLARED_SELECTOR = YES;
				GCC_WARN_UNINITIALIZED_AUTOS = YES_AGGRESSIVE;
				GCC_WARN_UNUSED_FUNCTION = YES;
				GCC_WARN_UNUSED_VARIABLE = YES;
				IPHONEOS_DEPLOYMENT_TARGET = 16.4;
				MTL_ENABLE_DEBUG_INFO = NO;
				MTL_FAST_MATH = YES;
				SDKROOT = iphoneos;
				SWIFT_COMPILATION_MODE = wholemodule;
				SWIFT_OPTIMIZATION_LEVEL = "-O";
				VALIDATE_PRODUCT = YES;
			};
			name = Release;
		};
		A89DA1E92A6558980059E4D7 /* Debug */ = {
			isa = XCBuildConfiguration;
			buildSettings = {
				ASSETCATALOG_COMPILER_APPICON_NAME = AppIcon;
				ASSETCATALOG_COMPILER_GLOBAL_ACCENT_COLOR_NAME = AccentColor;
				CODE_SIGN_STYLE = Automatic;
				CURRENT_PROJECT_VERSION = 1;
				DEVELOPMENT_TEAM = CWGMG35SKM;
				GENERATE_INFOPLIST_FILE = YES;
				INFOPLIST_FILE = TheWitcherBook/Info.plist;
				INFOPLIST_KEY_UIApplicationSupportsIndirectInputEvents = YES;
				INFOPLIST_KEY_UILaunchStoryboardName = LaunchScreen;
				INFOPLIST_KEY_UIMainStoryboardFile = Main;
				INFOPLIST_KEY_UISupportedInterfaceOrientations_iPad = "UIInterfaceOrientationPortrait UIInterfaceOrientationPortraitUpsideDown UIInterfaceOrientationLandscapeLeft UIInterfaceOrientationLandscapeRight";
				INFOPLIST_KEY_UISupportedInterfaceOrientations_iPhone = "UIInterfaceOrientationPortrait UIInterfaceOrientationLandscapeLeft UIInterfaceOrientationLandscapeRight";
				LD_RUNPATH_SEARCH_PATHS = (
					"$(inherited)",
					"@executable_path/Frameworks",
				);
				MARKETING_VERSION = 1.0;
				PRODUCT_BUNDLE_IDENTIFIER = com.Muhammeduludag.TheWitcherBook;
				PRODUCT_NAME = "$(TARGET_NAME)";
				SWIFT_EMIT_LOC_STRINGS = YES;
				SWIFT_VERSION = 5.0;
				TARGETED_DEVICE_FAMILY = "1,2";
			};
			name = Debug;
		};
		A89DA1EA2A6558980059E4D7 /* Release */ = {
			isa = XCBuildConfiguration;
			buildSettings = {
				ASSETCATALOG_COMPILER_APPICON_NAME = AppIcon;
				ASSETCATALOG_COMPILER_GLOBAL_ACCENT_COLOR_NAME = AccentColor;
				CODE_SIGN_STYLE = Automatic;
				CURRENT_PROJECT_VERSION = 1;
				DEVELOPMENT_TEAM = CWGMG35SKM;
				GENERATE_INFOPLIST_FILE = YES;
				INFOPLIST_FILE = TheWitcherBook/Info.plist;
				INFOPLIST_KEY_UIApplicationSupportsIndirectInputEvents = YES;
				INFOPLIST_KEY_UILaunchStoryboardName = LaunchScreen;
				INFOPLIST_KEY_UIMainStoryboardFile = Main;
				INFOPLIST_KEY_UISupportedInterfaceOrientations_iPad = "UIInterfaceOrientationPortrait UIInterfaceOrientationPortraitUpsideDown UIInterfaceOrientationLandscapeLeft UIInterfaceOrientationLandscapeRight";
				INFOPLIST_KEY_UISupportedInterfaceOrientations_iPhone = "UIInterfaceOrientationPortrait UIInterfaceOrientationLandscapeLeft UIInterfaceOrientationLandscapeRight";
				LD_RUNPATH_SEARCH_PATHS = (
					"$(inherited)",
					"@executable_path/Frameworks",
				);
				MARKETING_VERSION = 1.0;
				PRODUCT_BUNDLE_IDENTIFIER = com.Muhammeduludag.TheWitcherBook;
				PRODUCT_NAME = "$(TARGET_NAME)";
				SWIFT_EMIT_LOC_STRINGS = YES;
				SWIFT_VERSION = 5.0;
				TARGETED_DEVICE_FAMILY = "1,2";
			};
			name = Release;
		};
/* End XCBuildConfiguration section */

/* Begin XCConfigurationList section */
		A89DA1CF2A6558970059E4D7 /* Build configuration list for PBXProject "TheWitcherBook" */ = {
			isa = XCConfigurationList;
			buildConfigurations = (
				A89DA1E62A6558980059E4D7 /* Debug */,
				A89DA1E72A6558980059E4D7 /* Release */,
			);
			defaultConfigurationIsVisible = 0;
			defaultConfigurationName = Release;
		};
		A89DA1E82A6558980059E4D7 /* Build configuration list for PBXNativeTarget "TheWitcherBook" */ = {
			isa = XCConfigurationList;
			buildConfigurations = (
				A89DA1E92A6558980059E4D7 /* Debug */,
				A89DA1EA2A6558980059E4D7 /* Release */,
			);
			defaultConfigurationIsVisible = 0;
			defaultConfigurationName = Release;
		};
/* End XCConfigurationList section */
	};
	rootObject = A89DA1CC2A6558970059E4D7 /* Project object */;
}
